# @generated by Move, please check-in and do not edit manually.

[move]
version = 3
manifest_digest = "65DED877A5E1851B6862E1670C9F83E79D0518FA9599F57411604B25DEE34B92"
deps_digest = "3C4103934B1E040BB6B23F1D610B4EF9F2F1166A50A104EADCF77467C004C600"
dependencies = [
  { id = "Dubhe", name = "Dubhe" },
  { id = "Sui", name = "Sui" },
]

[[move.package]]
id = "Dubhe"
source = { git = "https://github.com/0xobelisk/dubhe.git", rev = "main", subdir = "framework/src/dubhe" }

dependencies = [
  { id = "Sui", name = "Sui" },
]

[[move.package]]
id = "MoveStdlib"
source = { git = "https://github.com/MystenLabs/sui.git", rev = "mainnet-v1.46.3", subdir = "crates/sui-framework/packages/move-stdlib" }

[[move.package]]
id = "Sui"
source = { git = "https://github.com/MystenLabs/sui.git", rev = "mainnet-v1.46.3", subdir = "crates/sui-framework/packages/sui-framework" }

dependencies = [
  { id = "MoveStdlib", name = "MoveStdlib" },
]

[move.toolchain-version]
compiler-version = "1.38.3"
edition = "2024"
flavor = "sui"








































[env.mainnet]
chain-id = "35834a8a"
original-published-id = "0x30f4de5431642884d1de5705d40be1579b48fd44af1334ad16e53f4aad7f421d"
latest-published-id = "0x30f4de5431642884d1de5705d40be1579b48fd44af1334ad16e53f4aad7f421d"
published-version = "1"

[env.localnet]
chain-id = "d5bd49d9"
original-published-id = "0x5e3bf5009365f7af068356e0681241bb4d0ff68950c799c02e35e9a23ce0be61"
latest-published-id = "0x5e3bf5009365f7af068356e0681241bb4d0ff68950c799c02e35e9a23ce0be61"
published-version = "1"

[env.testnet]
chain-id = "4c78adac"
original-published-id = "0x1fb72cbd742c624c3aced8a7d69e60d18b69623c8d221173ba3e85b256db8c8b"
latest-published-id = "0x1fb72cbd742c624c3aced8a7d69e60d18b69623c8d221173ba3e85b256db8c8b"
published-version = "1"
