# @generated by Move, please check-in and do not edit manually.

[move]
version = 3
manifest_digest = "8D63B9F2E7E224416CFDDB4FDEABEFA42561AA66F22C68CA003D23709D7AA931"
deps_digest = "3C4103934B1E040BB6B23F1D610B4EF9F2F1166A50A104EADCF77467C004C600"
dependencies = [
  { id = "Dubhe", name = "Dubhe" },
  { id = "Sui", name = "Sui" },
]

[[move.package]]
id = "Dubhe"
source = { local = "../dubhe" }

dependencies = [
  { id = "Sui", name = "Sui" },
]

[[move.package]]
id = "MoveStdlib"
source = { git = "https://github.com/MystenLabs/sui.git", rev = "mainnet-v1.46.3", subdir = "crates/sui-framework/packages/move-stdlib" }

[[move.package]]
id = "Sui"
source = { git = "https://github.com/MystenLabs/sui.git", rev = "mainnet-v1.46.3", subdir = "crates/sui-framework/packages/sui-framework" }

dependencies = [
  { id = "MoveStdlib", name = "MoveStdlib" },
]

[move.toolchain-version]
compiler-version = "1.38.3"
edition = "2024"
flavor = "sui"








































[env.mainnet]
chain-id = "35834a8a"
original-published-id = "0x30f4de5431642884d1de5705d40be1579b48fd44af1334ad16e53f4aad7f421d"
latest-published-id = "0x30f4de5431642884d1de5705d40be1579b48fd44af1334ad16e53f4aad7f421d"
published-version = "1"

[env.testnet]
chain-id = "4c78adac"
original-published-id = "0x1fb72cbd742c624c3aced8a7d69e60d18b69623c8d221173ba3e85b256db8c8b"
latest-published-id = "0x1fb72cbd742c624c3aced8a7d69e60d18b69623c8d221173ba3e85b256db8c8b"
published-version = "1"








[env.localnet]
chain-id = "0bd641fb"
original-published-id = "0x25e17bbd625e4edfbe819a6e509cc012dc5a47466e69485b540797e19f76d499"
latest-published-id = "0x25e17bbd625e4edfbe819a6e509cc012dc5a47466e69485b540797e19f76d499"
published-version = "1"
